// !$*UTF8*$!
{
	archiveVersion = 1;
	classes = {
	};
	objectVersion = 55;
	objects = {

/* Begin PBXBuildFile section */
		04171BAE26D6DB22005FFE1C /* Algorithms in Frameworks */ = {isa = PBXBuildFile; productRef = 04171BAD26D6DB22005FFE1C /* Algorithms */; };
		04171BB126D6DFC5005FFE1C /* Kingfisher in Frameworks */ = {isa = PBXBuildFile; productRef = 04171BB026D6DFC5005FFE1C /* Kingfisher */; };
		041C316A26D7AFDF00D054D1 /* HomeVM.swift in Sources */ = {isa = PBXBuildFile; fileRef = 041C316926D7AFDF00D054D1 /* HomeVM.swift */; };
		041C316B26D7AFDF00D054D1 /* HomeVM.swift in Sources */ = {isa = PBXBuildFile; fileRef = 041C316926D7AFDF00D054D1 /* HomeVM.swift */; };
		045B4E7126D2E9CA0021F2EF /* Tests_iOS.swift in Sources */ = {isa = PBXBuildFile; fileRef = 045B4E7026D2E9CA0021F2EF /* Tests_iOS.swift */; };
		045B4E7B26D2E9CA0021F2EF /* Tests_macOS.swift in Sources */ = {isa = PBXBuildFile; fileRef = 045B4E7A26D2E9CA0021F2EF /* Tests_macOS.swift */; };
		045B4E7C26D2E9CA0021F2EF /* Netflix_CloneApp.swift in Sources */ = {isa = PBXBuildFile; fileRef = 045B4E5A26D2E9BF0021F2EF /* Netflix_CloneApp.swift */; };
		045B4E7D26D2E9CA0021F2EF /* Netflix_CloneApp.swift in Sources */ = {isa = PBXBuildFile; fileRef = 045B4E5A26D2E9BF0021F2EF /* Netflix_CloneApp.swift */; };
		045B4E7E26D2E9CA0021F2EF /* ContentView.swift in Sources */ = {isa = PBXBuildFile; fileRef = 045B4E5B26D2E9BF0021F2EF /* ContentView.swift */; };
		045B4E7F26D2E9CA0021F2EF /* ContentView.swift in Sources */ = {isa = PBXBuildFile; fileRef = 045B4E5B26D2E9BF0021F2EF /* ContentView.swift */; };
		045B4E8026D2E9CA0021F2EF /* Assets.xcassets in Resources */ = {isa = PBXBuildFile; fileRef = 045B4E5C26D2E9C90021F2EF /* Assets.xcassets */; };
		045B4E8126D2E9CA0021F2EF /* Assets.xcassets in Resources */ = {isa = PBXBuildFile; fileRef = 045B4E5C26D2E9C90021F2EF /* Assets.xcassets */; };
		04C352D326D3BEF6009CD892 /* Cared.swift in Sources */ = {isa = PBXBuildFile; fileRef = 04C352D226D3BEF6009CD892 /* Cared.swift */; };
		04C352D426D3BEF6009CD892 /* Cared.swift in Sources */ = {isa = PBXBuildFile; fileRef = 04C352D226D3BEF6009CD892 /* Cared.swift */; };
		04C352D626D3BF62009CD892 /* Home.swift in Sources */ = {isa = PBXBuildFile; fileRef = 04C352D526D3BF62009CD892 /* Home.swift */; };
		04C352D726D3BF62009CD892 /* Home.swift in Sources */ = {isa = PBXBuildFile; fileRef = 04C352D526D3BF62009CD892 /* Home.swift */; };
		04C352D926D3C39E009CD892 /* Movie.swift in Sources */ = {isa = PBXBuildFile; fileRef = 04C352D826D3C39E009CD892 /* Movie.swift */; };
		04C352DA26D3C39E009CD892 /* Movie.swift in Sources */ = {isa = PBXBuildFile; fileRef = 04C352D826D3C39E009CD892 /* Movie.swift */; };
		04C352DC26D3C486009CD892 /* StandardHomemovie.swift in Sources */ = {isa = PBXBuildFile; fileRef = 04C352DB26D3C486009CD892 /* StandardHomemovie.swift */; };
		04C352DD26D3C486009CD892 /* StandardHomemovie.swift in Sources */ = {isa = PBXBuildFile; fileRef = 04C352DB26D3C486009CD892 /* StandardHomemovie.swift */; };
		04C352DF26D3C5B6009CD892 /* Global Helpers.swift in Sources */ = {isa = PBXBuildFile; fileRef = 04C352DE26D3C5B6009CD892 /* Global Helpers.swift */; };
		04C352E026D3C5B6009CD892 /* Global Helpers.swift in Sources */ = {isa = PBXBuildFile; fileRef = 04C352DE26D3C5B6009CD892 /* Global Helpers.swift */; };
/* End PBXBuildFile section */

/* Begin PBXContainerItemProxy section */
		045B4E6D26D2E9CA0021F2EF /* PBXContainerItemProxy */ = {
			isa = PBXContainerItemProxy;
			containerPortal = 045B4E5526D2E9BE0021F2EF /* Project object */;
			proxyType = 1;
			remoteGlobalIDString = 045B4E6026D2E9C90021F2EF;
			remoteInfo = "Netflix Clone (iOS)";
		};
		045B4E7726D2E9CA0021F2EF /* PBXContainerItemProxy */ = {
			isa = PBXContainerItemProxy;
			containerPortal = 045B4E5526D2E9BE0021F2EF /* Project object */;
			proxyType = 1;
			remoteGlobalIDString = 045B4E6626D2E9C90021F2EF;
			remoteInfo = "Netflix Clone (macOS)";
		};
/* End PBXContainerItemProxy section */

/* Begin PBXFileReference section */
		041C316926D7AFDF00D054D1 /* HomeVM.swift */ = {isa = PBXFileReference; lastKnownFileType = sourcecode.swift; path = HomeVM.swift; sourceTree = "<group>"; };
		045B4E5A26D2E9BF0021F2EF /* Netflix_CloneApp.swift */ = {isa = PBXFileReference; lastKnownFileType = sourcecode.swift; path = Netflix_CloneApp.swift; sourceTree = "<group>"; };
		045B4E5B26D2E9BF0021F2EF /* ContentView.swift */ = {isa = PBXFileReference; lastKnownFileType = sourcecode.swift; path = ContentView.swift; sourceTree = "<group>"; };
		045B4E5C26D2E9C90021F2EF /* Assets.xcassets */ = {isa = PBXFileReference; lastKnownFileType = folder.assetcatalog; path = Assets.xcassets; sourceTree = "<group>"; };
		045B4E6126D2E9C90021F2EF /* Netflix Clone.app */ = {isa = PBXFileReference; explicitFileType = wrapper.application; includeInIndex = 0; path = "Netflix Clone.app"; sourceTree = BUILT_PRODUCTS_DIR; };
		045B4E6726D2E9C90021F2EF /* Netflix Clone.app */ = {isa = PBXFileReference; explicitFileType = wrapper.application; includeInIndex = 0; path = "Netflix Clone.app"; sourceTree = BUILT_PRODUCTS_DIR; };
		045B4E6C26D2E9CA0021F2EF /* Tests iOS.xctest */ = {isa = PBXFileReference; explicitFileType = wrapper.cfbundle; includeInIndex = 0; path = "Tests iOS.xctest"; sourceTree = BUILT_PRODUCTS_DIR; };
		045B4E7026D2E9CA0021F2EF /* Tests_iOS.swift */ = {isa = PBXFileReference; lastKnownFileType = sourcecode.swift; path = Tests_iOS.swift; sourceTree = "<group>"; };
		045B4E7626D2E9CA0021F2EF /* Tests macOS.xctest */ = {isa = PBXFileReference; explicitFileType = wrapper.cfbundle; includeInIndex = 0; path = "Tests macOS.xctest"; sourceTree = BUILT_PRODUCTS_DIR; };
		045B4E7A26D2E9CA0021F2EF /* Tests_macOS.swift */ = {isa = PBXFileReference; lastKnownFileType = sourcecode.swift; path = Tests_macOS.swift; sourceTree = "<group>"; };
		04C352D226D3BEF6009CD892 /* Cared.swift */ = {isa = PBXFileReference; lastKnownFileType = sourcecode.swift; path = Cared.swift; sourceTree = "<group>"; };
		04C352D526D3BF62009CD892 /* Home.swift */ = {isa = PBXFileReference; lastKnownFileType = sourcecode.swift; path = Home.swift; sourceTree = "<group>"; };
		04C352D826D3C39E009CD892 /* Movie.swift */ = {isa = PBXFileReference; lastKnownFileType = sourcecode.swift; path = Movie.swift; sourceTree = "<group>"; };
		04C352DB26D3C486009CD892 /* StandardHomemovie.swift */ = {isa = PBXFileReference; lastKnownFileType = sourcecode.swift; path = StandardHomemovie.swift; sourceTree = "<group>"; };
		04C352DE26D3C5B6009CD892 /* Global Helpers.swift */ = {isa = PBXFileReference; lastKnownFileType = sourcecode.swift; path = "Global Helpers.swift"; sourceTree = "<group>"; };
/* End PBXFileReference section */

/* Begin PBXFrameworksBuildPhase section */
		045B4E5E26D2E9C90021F2EF /* Frameworks */ = {
			isa = PBXFrameworksBuildPhase;
			buildActionMask = 2147483647;
			files = (
				04171BB126D6DFC5005FFE1C /* Kingfisher in Frameworks */,
				04171BAE26D6DB22005FFE1C /* Algorithms in Frameworks */,
			);
			runOnlyForDeploymentPostprocessing = 0;
		};
		045B4E6426D2E9C90021F2EF /* Frameworks */ = {
			isa = PBXFrameworksBuildPhase;
			buildActionMask = 2147483647;
			files = (
			);
			runOnlyForDeploymentPostprocessing = 0;
		};
		045B4E6926D2E9CA0021F2EF /* Frameworks */ = {
			isa = PBXFrameworksBuildPhase;
			buildActionMask = 2147483647;
			files = (
			);
			runOnlyForDeploymentPostprocessing = 0;
		};
		045B4E7326D2E9CA0021F2EF /* Frameworks */ = {
			isa = PBXFrameworksBuildPhase;
			buildActionMask = 2147483647;
			files = (
			);
			runOnlyForDeploymentPostprocessing = 0;
		};
/* End PBXFrameworksBuildPhase section */

/* Begin PBXGroup section */
		045B4E5426D2E9BE0021F2EF = {
			isa = PBXGroup;
			children = (
				045B4E9026D2EA560021F2EF /* iOS */,
				045B4E5926D2E9BF0021F2EF /* Shared */,
				045B4E6F26D2E9CA0021F2EF /* Tests iOS */,
				045B4E7926D2E9CA0021F2EF /* Tests macOS */,
				045B4E6226D2E9C90021F2EF /* Products */,
			);
			sourceTree = "<group>";
		};
		045B4E5926D2E9BF0021F2EF /* Shared */ = {
			isa = PBXGroup;
			children = (
				045B4E5A26D2E9BF0021F2EF /* Netflix_CloneApp.swift */,
				045B4E5B26D2E9BF0021F2EF /* ContentView.swift */,
				045B4E5C26D2E9C90021F2EF /* Assets.xcassets */,
			);
			path = Shared;
			sourceTree = "<group>";
		};
		045B4E6226D2E9C90021F2EF /* Products */ = {
			isa = PBXGroup;
			children = (
				045B4E6126D2E9C90021F2EF /* Netflix Clone.app */,
				045B4E6726D2E9C90021F2EF /* Netflix Clone.app */,
				045B4E6C26D2E9CA0021F2EF /* Tests iOS.xctest */,
				045B4E7626D2E9CA0021F2EF /* Tests macOS.xctest */,
			);
			name = Products;
			sourceTree = "<group>";
		};
		045B4E6F26D2E9CA0021F2EF /* Tests iOS */ = {
			isa = PBXGroup;
			children = (
				045B4E7026D2E9CA0021F2EF /* Tests_iOS.swift */,
			);
			path = "Tests iOS";
			sourceTree = "<group>";
		};
		045B4E7926D2E9CA0021F2EF /* Tests macOS */ = {
			isa = PBXGroup;
			children = (
				045B4E7A26D2E9CA0021F2EF /* Tests_macOS.swift */,
			);
			path = "Tests macOS";
			sourceTree = "<group>";
		};
		045B4E9026D2EA560021F2EF /* iOS */ = {
			isa = PBXGroup;
			children = (
				04C352D526D3BF62009CD892 /* Home.swift */,
				04C352D226D3BEF6009CD892 /* Cared.swift */,
				04C352D826D3C39E009CD892 /* Movie.swift */,
				04C352DB26D3C486009CD892 /* StandardHomemovie.swift */,
				04C352DE26D3C5B6009CD892 /* Global Helpers.swift */,
				041C316926D7AFDF00D054D1 /* HomeVM.swift */,
			);
			path = iOS;
			sourceTree = "<group>";
		};
/* End PBXGroup section */

/* Begin PBXNativeTarget section */
		045B4E6026D2E9C90021F2EF /* Netflix Clone (iOS) */ = {
			isa = PBXNativeTarget;
			buildConfigurationList = 045B4E8426D2E9CA0021F2EF /* Build configuration list for PBXNativeTarget "Netflix Clone (iOS)" */;
			buildPhases = (
				045B4E5D26D2E9C90021F2EF /* Sources */,
				045B4E5E26D2E9C90021F2EF /* Frameworks */,
				045B4E5F26D2E9C90021F2EF /* Resources */,
			);
			buildRules = (
			);
			dependencies = (
			);
			name = "Netflix Clone (iOS)";
			packageProductDependencies = (
				04171BAD26D6DB22005FFE1C /* Algorithms */,
				04171BB026D6DFC5005FFE1C /* Kingfisher */,
			);
			productName = "Netflix Clone (iOS)";
			productReference = 045B4E6126D2E9C90021F2EF /* Netflix Clone.app */;
			productType = "com.apple.product-type.application";
		};
		045B4E6626D2E9C90021F2EF /* Netflix Clone (macOS) */ = {
			isa = PBXNativeTarget;
			buildConfigurationList = 045B4E8726D2E9CA0021F2EF /* Build configuration list for PBXNativeTarget "Netflix Clone (macOS)" */;
			buildPhases = (
				045B4E6326D2E9C90021F2EF /* Sources */,
				045B4E6426D2E9C90021F2EF /* Frameworks */,
				045B4E6526D2E9C90021F2EF /* Resources */,
			);
			buildRules = (
			);
			dependencies = (
			);
			name = "Netflix Clone (macOS)";
			productName = "Netflix Clone (macOS)";
			productReference = 045B4E6726D2E9C90021F2EF /* Netflix Clone.app */;
			productType = "com.apple.product-type.application";
		};
		045B4E6B26D2E9CA0021F2EF /* Tests iOS */ = {
			isa = PBXNativeTarget;
			buildConfigurationList = 045B4E8A26D2E9CA0021F2EF /* Build configuration list for PBXNativeTarget "Tests iOS" */;
			buildPhases = (
				045B4E6826D2E9CA0021F2EF /* Sources */,
				045B4E6926D2E9CA0021F2EF /* Frameworks */,
				045B4E6A26D2E9CA0021F2EF /* Resources */,
			);
			buildRules = (
			);
			dependencies = (
				045B4E6E26D2E9CA0021F2EF /* PBXTargetDependency */,
			);
			name = "Tests iOS";
			productName = "Tests iOS";
			productReference = 045B4E6C26D2E9CA0021F2EF /* Tests iOS.xctest */;
			productType = "com.apple.product-type.bundle.ui-testing";
		};
		045B4E7526D2E9CA0021F2EF /* Tests macOS */ = {
			isa = PBXNativeTarget;
			buildConfigurationList = 045B4E8D26D2E9CA0021F2EF /* Build configuration list for PBXNativeTarget "Tests macOS" */;
			buildPhases = (
				045B4E7226D2E9CA0021F2EF /* Sources */,
				045B4E7326D2E9CA0021F2EF /* Frameworks */,
				045B4E7426D2E9CA0021F2EF /* Resources */,
			);
			buildRules = (
			);
			dependencies = (
				045B4E7826D2E9CA0021F2EF /* PBXTargetDependency */,
			);
			name = "Tests macOS";
			productName = "Tests macOS";
			productReference = 045B4E7626D2E9CA0021F2EF /* Tests macOS.xctest */;
			productType = "com.apple.product-type.bundle.ui-testing";
		};
/* End PBXNativeTarget section */

/* Begin PBXProject section */
		045B4E5526D2E9BE0021F2EF /* Project object */ = {
			isa = PBXProject;
			attributes = {
				BuildIndependentTargetsInParallel = 1;
				LastSwiftUpdateCheck = 1300;
				LastUpgradeCheck = 1300;
				TargetAttributes = {
					045B4E6026D2E9C90021F2EF = {
						CreatedOnToolsVersion = 13.0;
					};
					045B4E6626D2E9C90021F2EF = {
						CreatedOnToolsVersion = 13.0;
					};
					045B4E6B26D2E9CA0021F2EF = {
						CreatedOnToolsVersion = 13.0;
						TestTargetID = 045B4E6026D2E9C90021F2EF;
					};
					045B4E7526D2E9CA0021F2EF = {
						CreatedOnToolsVersion = 13.0;
						TestTargetID = 045B4E6626D2E9C90021F2EF;
					};
				};
			};
			buildConfigurationList = 045B4E5826D2E9BE0021F2EF /* Build configuration list for PBXProject "Netflix Clone" */;
			compatibilityVersion = "Xcode 13.0";
			developmentRegion = en;
			hasScannedForEncodings = 0;
			knownRegions = (
				en,
				Base,
			);
			mainGroup = 045B4E5426D2E9BE0021F2EF;
			packageReferences = (
				04171BAC26D6DB22005FFE1C /* XCRemoteSwiftPackageReference "swift-algorithms" */,
				04171BAF26D6DFC5005FFE1C /* XCRemoteSwiftPackageReference "Kingfisher" */,
			);
			productRefGroup = 045B4E6226D2E9C90021F2EF /* Products */;
			projectDirPath = "";
			projectRoot = "";
			targets = (
				045B4E6026D2E9C90021F2EF /* Netflix Clone (iOS) */,
				045B4E6626D2E9C90021F2EF /* Netflix Clone (macOS) */,
				045B4E6B26D2E9CA0021F2EF /* Tests iOS */,
				045B4E7526D2E9CA0021F2EF /* Tests macOS */,
			);
		};
/* End PBXProject section */

/* Begin PBXResourcesBuildPhase section */
		045B4E5F26D2E9C90021F2EF /* Resources */ = {
			isa = PBXResourcesBuildPhase;
			buildActionMask = 2147483647;
			files = (
				045B4E8026D2E9CA0021F2EF /* Assets.xcassets in Resources */,
			);
			runOnlyForDeploymentPostprocessing = 0;
		};
		045B4E6526D2E9C90021F2EF /* Resources */ = {
			isa = PBXResourcesBuildPhase;
			buildActionMask = 2147483647;
			files = (
				045B4E8126D2E9CA0021F2EF /* Assets.xcassets in Resources */,
			);
			runOnlyForDeploymentPostprocessing = 0;
		};
		045B4E6A26D2E9CA0021F2EF /* Resources */ = {
			isa = PBXResourcesBuildPhase;
			buildActionMask = 2147483647;
			files = (
			);
			runOnlyForDeploymentPostprocessing = 0;
		};
		045B4E7426D2E9CA0021F2EF /* Resources */ = {
			isa = PBXResourcesBuildPhase;
			buildActionMask = 2147483647;
			files = (
			);
			runOnlyForDeploymentPostprocessing = 0;
		};
/* End PBXResourcesBuildPhase section */

/* Begin PBXSourcesBuildPhase section */
		045B4E5D26D2E9C90021F2EF /* Sources */ = {
			isa = PBXSourcesBuildPhase;
			buildActionMask = 2147483647;
			files = (
				04C352D326D3BEF6009CD892 /* Cared.swift in Sources */,
				045B4E7E26D2E9CA0021F2EF /* ContentView.swift in Sources */,
				04C352DF26D3C5B6009CD892 /* Global Helpers.swift in Sources */,
				041C316A26D7AFDF00D054D1 /* HomeVM.swift in Sources */,
				04C352D626D3BF62009CD892 /* Home.swift in Sources */,
				045B4E7C26D2E9CA0021F2EF /* Netflix_CloneApp.swift in Sources */,
				04C352DC26D3C486009CD892 /* StandardHomemovie.swift in Sources */,
				04C352D926D3C39E009CD892 /* Movie.swift in Sources */,
			);
			runOnlyForDeploymentPostprocessing = 0;
		};
		045B4E6326D2E9C90021F2EF /* Sources */ = {
			isa = PBXSourcesBuildPhase;
			buildActionMask = 2147483647;
			files = (
				04C352D426D3BEF6009CD892 /* Cared.swift in Sources */,
				045B4E7F26D2E9CA0021F2EF /* ContentView.swift in Sources */,
				04C352E026D3C5B6009CD892 /* Global Helpers.swift in Sources */,
				041C316B26D7AFDF00D054D1 /* HomeVM.swift in Sources */,
				04C352D726D3BF62009CD892 /* Home.swift in Sources */,
				045B4E7D26D2E9CA0021F2EF /* Netflix_CloneApp.swift in Sources */,
				04C352DD26D3C486009CD892 /* StandardHomemovie.swift in Sources */,
				04C352DA26D3C39E009CD892 /* Movie.swift in Sources */,
			);
			runOnlyForDeploymentPostprocessing = 0;
		};
		045B4E6826D2E9CA0021F2EF /* Sources */ = {
			isa = PBXSourcesBuildPhase;
			buildActionMask = 2147483647;
			files = (
				045B4E7126D2E9CA0021F2EF /* Tests_iOS.swift in Sources */,
			);
			runOnlyForDeploymentPostprocessing = 0;
		};
		045B4E7226D2E9CA0021F2EF /* Sources */ = {
			isa = PBXSourcesBuildPhase;
			buildActionMask = 2147483647;
			files = (
				045B4E7B26D2E9CA0021F2EF /* Tests_macOS.swift in Sources */,
			);
			runOnlyForDeploymentPostprocessing = 0;
		};
/* End PBXSourcesBuildPhase section */

/* Begin PBXTargetDependency section */
		045B4E6E26D2E9CA0021F2EF /* PBXTargetDependency */ = {
			isa = PBXTargetDependency;
			target = 045B4E6026D2E9C90021F2EF /* Netflix Clone (iOS) */;
			targetProxy = 045B4E6D26D2E9CA0021F2EF /* PBXContainerItemProxy */;
		};
		045B4E7826D2E9CA0021F2EF /* PBXTargetDependency */ = {
			isa = PBXTargetDependency;
			target = 045B4E6626D2E9C90021F2EF /* Netflix Clone (macOS) */;
			targetProxy = 045B4E7726D2E9CA0021F2EF /* PBXContainerItemProxy */;
		};
/* End PBXTargetDependency section */

/* Begin XCBuildConfiguration section */
		045B4E8226D2E9CA0021F2EF /* Debug */ = {
			isa = XCBuildConfiguration;
			buildSettings = {
				ALWAYS_SEARCH_USER_PATHS = NO;
				CLANG_ANALYZER_NONNULL = YES;
				CLANG_ANALYZER_NUMBER_OBJECT_CONVERSION = YES_AGGRESSIVE;
				CLANG_CXX_LANGUAGE_STANDARD = "gnu++14";
				CLANG_CXX_LIBRARY = "libc++";
				CLANG_ENABLE_MODULES = YES;
				CLANG_ENABLE_OBJC_ARC = YES;
				CLANG_ENABLE_OBJC_WEAK = YES;
				CLANG_WARN_BLOCK_CAPTURE_AUTORELEASING = YES;
				CLANG_WARN_BOOL_CONVERSION = YES;
				CLANG_WARN_COMMA = YES;
				CLANG_WARN_CONSTANT_CONVERSION = YES;
				CLANG_WARN_DEPRECATED_OBJC_IMPLEMENTATIONS = YES;
				CLANG_WARN_DIRECT_OBJC_ISA_USAGE = YES_ERROR;
				CLANG_WARN_DOCUMENTATION_COMMENTS = YES;
				CLANG_WARN_EMPTY_BODY = YES;
				CLANG_WARN_ENUM_CONVERSION = YES;
				CLANG_WARN_INFINITE_RECURSION = YES;
				CLANG_WARN_INT_CONVERSION = YES;
				CLANG_WARN_NON_LITERAL_NULL_CONVERSION = YES;
				CLANG_WARN_OBJC_IMPLICIT_RETAIN_SELF = YES;
				CLANG_WARN_OBJC_LITERAL_CONVERSION = YES;
				CLANG_WARN_OBJC_ROOT_CLASS = YES_ERROR;
				CLANG_WARN_QUOTED_INCLUDE_IN_FRAMEWORK_HEADER = YES;
				CLANG_WARN_RANGE_LOOP_ANALYSIS = YES;
				CLANG_WARN_STRICT_PROTOTYPES = YES;
				CLANG_WARN_SUSPICIOUS_MOVE = YES;
				CLANG_WARN_UNGUARDED_AVAILABILITY = YES_AGGRESSIVE;
				CLANG_WARN_UNREACHABLE_CODE = YES;
				CLANG_WARN__DUPLICATE_METHOD_MATCH = YES;
				COPY_PHASE_STRIP = NO;
				DEBUG_INFORMATION_FORMAT = dwarf;
				ENABLE_STRICT_OBJC_MSGSEND = YES;
				ENABLE_TESTABILITY = YES;
				GCC_C_LANGUAGE_STANDARD = gnu11;
				GCC_DYNAMIC_NO_PIC = NO;
				GCC_NO_COMMON_BLOCKS = YES;
				GCC_OPTIMIZATION_LEVEL = 0;
				GCC_PREPROCESSOR_DEFINITIONS = (
					"DEBUG=1",
					"$(inherited)",
				);
				GCC_WARN_64_TO_32_BIT_CONVERSION = YES;
				GCC_WARN_ABOUT_RETURN_TYPE = YES_ERROR;
				GCC_WARN_UNDECLARED_SELECTOR = YES;
				GCC_WARN_UNINITIALIZED_AUTOS = YES_AGGRESSIVE;
				GCC_WARN_UNUSED_FUNCTION = YES;
				GCC_WARN_UNUSED_VARIABLE = YES;
				MTL_ENABLE_DEBUG_INFO = INCLUDE_SOURCE;
				MTL_FAST_MATH = YES;
				ONLY_ACTIVE_ARCH = YES;
				SWIFT_ACTIVE_COMPILATION_CONDITIONS = DEBUG;
				SWIFT_OPTIMIZATION_LEVEL = "-Onone";
			};
			name = Debug;
		};
		045B4E8326D2E9CA0021F2EF /* Release */ = {
			isa = XCBuildConfiguration;
			buildSettings = {
				ALWAYS_SEARCH_USER_PATHS = NO;
				CLANG_ANALYZER_NONNULL = YES;
				CLANG_ANALYZER_NUMBER_OBJECT_CONVERSION = YES_AGGRESSIVE;
				CLANG_CXX_LANGUAGE_STANDARD = "gnu++14";
				CLANG_CXX_LIBRARY = "libc++";
				CLANG_ENABLE_MODULES = YES;
				CLANG_ENABLE_OBJC_ARC = YES;
				CLANG_ENABLE_OBJC_WEAK = YES;
				CLANG_WARN_BLOCK_CAPTURE_AUTORELEASING = YES;
				CLANG_WARN_BOOL_CONVERSION = YES;
				CLANG_WARN_COMMA = YES;
				CLANG_WARN_CONSTANT_CONVERSION = YES;
				CLANG_WARN_DEPRECATED_OBJC_IMPLEMENTATIONS = YES;
				CLANG_WARN_DIRECT_OBJC_ISA_USAGE = YES_ERROR;
				CLANG_WARN_DOCUMENTATION_COMMENTS = YES;
				CLANG_WARN_EMPTY_BODY = YES;
				CLANG_WARN_ENUM_CONVERSION = YES;
				CLANG_WARN_INFINITE_RECURSION = YES;
				CLANG_WARN_INT_CONVERSION = YES;
				CLANG_WARN_NON_LITERAL_NULL_CONVERSION = YES;
				CLANG_WARN_OBJC_IMPLICIT_RETAIN_SELF = YES;
				CLANG_WARN_OBJC_LITERAL_CONVERSION = YES;
				CLANG_WARN_OBJC_ROOT_CLASS = YES_ERROR;
				CLANG_WARN_QUOTED_INCLUDE_IN_FRAMEWORK_HEADER = YES;
				CLANG_WARN_RANGE_LOOP_ANALYSIS = YES;
				CLANG_WARN_STRICT_PROTOTYPES = YES;
				CLANG_WARN_SUSPICIOUS_MOVE = YES;
				CLANG_WARN_UNGUARDED_AVAILABILITY = YES_AGGRESSIVE;
				CLANG_WARN_UNREACHABLE_CODE = YES;
				CLANG_WARN__DUPLICATE_METHOD_MATCH = YES;
				COPY_PHASE_STRIP = NO;
				DEBUG_INFORMATION_FORMAT = "dwarf-with-dsym";
				ENABLE_NS_ASSERTIONS = NO;
				ENABLE_STRICT_OBJC_MSGSEND = YES;
				GCC_C_LANGUAGE_STANDARD = gnu11;
				GCC_NO_COMMON_BLOCKS = YES;
				GCC_WARN_64_TO_32_BIT_CONVERSION = YES;
				GCC_WARN_ABOUT_RETURN_TYPE = YES_ERROR;
				GCC_WARN_UNDECLARED_SELECTOR = YES;
				GCC_WARN_UNINITIALIZED_AUTOS = YES_AGGRESSIVE;
				GCC_WARN_UNUSED_FUNCTION = YES;
				GCC_WARN_UNUSED_VARIABLE = YES;
				MTL_ENABLE_DEBUG_INFO = NO;
				MTL_FAST_MATH = YES;
				SWIFT_COMPILATION_MODE = wholemodule;
				SWIFT_OPTIMIZATION_LEVEL = "-O";
			};
			name = Release;
		};
		045B4E8526D2E9CA0021F2EF /* Debug */ = {
			isa = XCBuildConfiguration;
			buildSettings = {
				ASSETCATALOG_COMPILER_APPICON_NAME = AppIcon;
				ASSETCATALOG_COMPILER_GLOBAL_ACCENT_COLOR_NAME = AccentColor;
				CODE_SIGN_STYLE = Automatic;
				CURRENT_PROJECT_VERSION = 1;
				ENABLE_PREVIEWS = YES;
				GENERATE_INFOPLIST_FILE = YES;
				INFOPLIST_KEY_UIApplicationSceneManifest_Generation = YES;
				INFOPLIST_KEY_UIApplicationSupportsIndirectInputEvents = YES;
				INFOPLIST_KEY_UILaunchScreen_Generation = YES;
				INFOPLIST_KEY_UISupportedInterfaceOrientations_iPad = "UIInterfaceOrientationPortrait UIInterfaceOrientationPortraitUpsideDown UIInterfaceOrientationLandscapeLeft UIInterfaceOrientationLandscapeRight";
				INFOPLIST_KEY_UISupportedInterfaceOrientations_iPhone = "UIInterfaceOrientationPortrait UIInterfaceOrientationLandscapeLeft UIInterfaceOrientationLandscapeRight";
				IPHONEOS_DEPLOYMENT_TARGET = 14.0;
				LD_RUNPATH_SEARCH_PATHS = (
					"$(inherited)",
					"@executable_path/Frameworks",
				);
				MARKETING_VERSION = 1.0;
				PRODUCT_BUNDLE_IDENTIFIER = "BMR.Netflix-Clone";
				PRODUCT_NAME = "Netflix Clone";
				SDKROOT = iphoneos;
				SWIFT_EMIT_LOC_STRINGS = YES;
				SWIFT_VERSION = 5.0;
				TARGETED_DEVICE_FAMILY = "1,2";
			};
			name = Debug;
		};
		045B4E8626D2E9CA0021F2EF /* Release */ = {
			isa = XCBuildConfiguration;
			buildSettings = {
				ASSETCATALOG_COMPILER_APPICON_NAME = AppIcon;
				ASSETCATALOG_COMPILER_GLOBAL_ACCENT_COLOR_NAME = AccentColor;
				CODE_SIGN_STYLE = Automatic;
				CURRENT_PROJECT_VERSION = 1;
				ENABLE_PREVIEWS = YES;
				GENERATE_INFOPLIST_FILE = YES;
				INFOPLIST_KEY_UIApplicationSceneManifest_Generation = YES;
				INFOPLIST_KEY_UIApplicationSupportsIndirectInputEvents = YES;
				INFOPLIST_KEY_UILaunchScreen_Generation = YES;
				INFOPLIST_KEY_UISupportedInterfaceOrientations_iPad = "UIInterfaceOrientationPortrait UIInterfaceOrientationPortraitUpsideDown UIInterfaceOrientationLandscapeLeft UIInterfaceOrientationLandscapeRight";
				INFOPLIST_KEY_UISupportedInterfaceOrientations_iPhone = "UIInterfaceOrientationPortrait UIInterfaceOrientationLandscapeLeft UIInterfaceOrientationLandscapeRight";
				IPHONEOS_DEPLOYMENT_TARGET = 14.0;
				LD_RUNPATH_SEARCH_PATHS = (
					"$(inherited)",
					"@executable_path/Frameworks",
				);
				MARKETING_VERSION = 1.0;
				PRODUCT_BUNDLE_IDENTIFIER = "BMR.Netflix-Clone";
				PRODUCT_NAME = "Netflix Clone";
				SDKROOT = iphoneos;
				SWIFT_EMIT_LOC_STRINGS = YES;
				SWIFT_VERSION = 5.0;
				TARGETED_DEVICE_FAMILY = "1,2";
				VALIDATE_PRODUCT = YES;
			};
			name = Release;
		};
		045B4E8826D2E9CA0021F2EF /* Debug */ = {
			isa = XCBuildConfiguration;
			buildSettings = {
				ASSETCATALOG_COMPILER_APPICON_NAME = AppIcon;
				ASSETCATALOG_COMPILER_GLOBAL_ACCENT_COLOR_NAME = AccentColor;
				CODE_SIGN_STYLE = Automatic;
				COMBINE_HIDPI_IMAGES = YES;
				CURRENT_PROJECT_VERSION = 1;
				ENABLE_APP_SANDBOX = YES;
				ENABLE_PREVIEWS = YES;
				ENABLE_USER_SELECTED_FILES = readonly;
				GENERATE_INFOPLIST_FILE = YES;
				INFOPLIST_KEY_NSHumanReadableCopyright = "";
				LD_RUNPATH_SEARCH_PATHS = (
					"$(inherited)",
					"@executable_path/../Frameworks",
				);
				MACOSX_DEPLOYMENT_TARGET = 11.0;
				MARKETING_VERSION = 1.0;
				PRODUCT_BUNDLE_IDENTIFIER = "BMR.Netflix-Clone";
				PRODUCT_NAME = "Netflix Clone";
				SDKROOT = macosx;
				SWIFT_EMIT_LOC_STRINGS = YES;
				SWIFT_VERSION = 5.0;
			};
			name = Debug;
		};
		045B4E8926D2E9CA0021F2EF /* Release */ = {
			isa = XCBuildConfiguration;
			buildSettings = {
				ASSETCATALOG_COMPILER_APPICON_NAME = AppIcon;
				ASSETCATALOG_COMPILER_GLOBAL_ACCENT_COLOR_NAME = AccentColor;
				CODE_SIGN_STYLE = Automatic;
				COMBINE_HIDPI_IMAGES = YES;
				CURRENT_PROJECT_VERSION = 1;
				ENABLE_APP_SANDBOX = YES;
				ENABLE_PREVIEWS = YES;
				ENABLE_USER_SELECTED_FILES = readonly;
				GENERATE_INFOPLIST_FILE = YES;
				INFOPLIST_KEY_NSHumanReadableCopyright = "";
				LD_RUNPATH_SEARCH_PATHS = (
					"$(inherited)",
					"@executable_path/../Frameworks",
				);
				MACOSX_DEPLOYMENT_TARGET = 11.0;
				MARKETING_VERSION = 1.0;
				PRODUCT_BUNDLE_IDENTIFIER = "BMR.Netflix-Clone";
				PRODUCT_NAME = "Netflix Clone";
				SDKROOT = macosx;
				SWIFT_EMIT_LOC_STRINGS = YES;
				SWIFT_VERSION = 5.0;
			};
			name = Release;
		};
		045B4E8B26D2E9CA0021F2EF /* Debug */ = {
			isa = XCBuildConfiguration;
			buildSettings = {
				ALWAYS_EMBED_SWIFT_STANDARD_LIBRARIES = YES;
				CODE_SIGN_STYLE = Automatic;
				CURRENT_PROJECT_VERSION = 1;
				GENERATE_INFOPLIST_FILE = YES;
				IPHONEOS_DEPLOYMENT_TARGET = 15.0;
				LD_RUNPATH_SEARCH_PATHS = (
					"$(inherited)",
					"@executable_path/Frameworks",
					"@loader_path/Frameworks",
				);
				MARKETING_VERSION = 1.0;
				PRODUCT_BUNDLE_IDENTIFIER = "BMR.Tests-iOS";
				PRODUCT_NAME = "$(TARGET_NAME)";
				SDKROOT = iphoneos;
				SWIFT_EMIT_LOC_STRINGS = NO;
				SWIFT_VERSION = 5.0;
				TARGETED_DEVICE_FAMILY = "1,2";
				TEST_TARGET_NAME = "Netflix Clone (iOS)";
			};
			name = Debug;
		};
		045B4E8C26D2E9CA0021F2EF /* Release */ = {
			isa = XCBuildConfiguration;
			buildSettings = {
				ALWAYS_EMBED_SWIFT_STANDARD_LIBRARIES = YES;
				CODE_SIGN_STYLE = Automatic;
				CURRENT_PROJECT_VERSION = 1;
				GENERATE_INFOPLIST_FILE = YES;
				IPHONEOS_DEPLOYMENT_TARGET = 15.0;
				LD_RUNPATH_SEARCH_PATHS = (
					"$(inherited)",
					"@executable_path/Frameworks",
					"@loader_path/Frameworks",
				);
				MARKETING_VERSION = 1.0;
				PRODUCT_BUNDLE_IDENTIFIER = "BMR.Tests-iOS";
				PRODUCT_NAME = "$(TARGET_NAME)";
				SDKROOT = iphoneos;
				SWIFT_EMIT_LOC_STRINGS = NO;
				SWIFT_VERSION = 5.0;
				TARGETED_DEVICE_FAMILY = "1,2";
				TEST_TARGET_NAME = "Netflix Clone (iOS)";
				VALIDATE_PRODUCT = YES;
			};
			name = Release;
		};
		045B4E8E26D2E9CA0021F2EF /* Debug */ = {
			isa = XCBuildConfiguration;
			buildSettings = {
				ALWAYS_EMBED_SWIFT_STANDARD_LIBRARIES = YES;
				CODE_SIGN_STYLE = Automatic;
				COMBINE_HIDPI_IMAGES = YES;
				CURRENT_PROJECT_VERSION = 1;
				GENERATE_INFOPLIST_FILE = YES;
				LD_RUNPATH_SEARCH_PATHS = (
					"$(inherited)",
					"@executable_path/../Frameworks",
					"@loader_path/../Frameworks",
				);
				MACOSX_DEPLOYMENT_TARGET = 12.0;
				MARKETING_VERSION = 1.0;
				PRODUCT_BUNDLE_IDENTIFIER = "BMR.Tests-macOS";
				PRODUCT_NAME = "$(TARGET_NAME)";
				SDKROOT = macosx;
				SWIFT_EMIT_LOC_STRINGS = NO;
				SWIFT_VERSION = 5.0;
				TEST_TARGET_NAME = "Netflix Clone (macOS)";
			};
			name = Debug;
		};
		045B4E8F26D2E9CA0021F2EF /* Release */ = {
			isa = XCBuildConfiguration;
			buildSettings = {
				ALWAYS_EMBED_SWIFT_STANDARD_LIBRARIES = YES;
				CODE_SIGN_STYLE = Automatic;
				COMBINE_HIDPI_IMAGES = YES;
				CURRENT_PROJECT_VERSION = 1;
				GENERATE_INFOPLIST_FILE = YES;
				LD_RUNPATH_SEARCH_PATHS = (
					"$(inherited)",
					"@executable_path/../Frameworks",
					"@loader_path/../Frameworks",
				);
				MACOSX_DEPLOYMENT_TARGET = 12.0;
				MARKETING_VERSION = 1.0;
				PRODUCT_BUNDLE_IDENTIFIER = "BMR.Tests-macOS";
				PRODUCT_NAME = "$(TARGET_NAME)";
				SDKROOT = macosx;
				SWIFT_EMIT_LOC_STRINGS = NO;
				SWIFT_VERSION = 5.0;
				TEST_TARGET_NAME = "Netflix Clone (macOS)";
			};
			name = Release;
		};
/* End XCBuildConfiguration section */

/* Begin XCConfigurationList section */
		045B4E5826D2E9BE0021F2EF /* Build configuration list for PBXProject "Netflix Clone" */ = {
			isa = XCConfigurationList;
			buildConfigurations = (
				045B4E8226D2E9CA0021F2EF /* Debug */,
				045B4E8326D2E9CA0021F2EF /* Release */,
			);
			defaultConfigurationIsVisible = 0;
			defaultConfigurationName = Release;
		};
		045B4E8426D2E9CA0021F2EF /* Build configuration list for PBXNativeTarget "Netflix Clone (iOS)" */ = {
			isa = XCConfigurationList;
			buildConfigurations = (
				045B4E8526D2E9CA0021F2EF /* Debug */,
				045B4E8626D2E9CA0021F2EF /* Release */,
			);
			defaultConfigurationIsVisible = 0;
			defaultConfigurationName = Release;
		};
		045B4E8726D2E9CA0021F2EF /* Build configuration list for PBXNativeTarget "Netflix Clone (macOS)" */ = {
			isa = XCConfigurationList;
			buildConfigurations = (
				045B4E8826D2E9CA0021F2EF /* Debug */,
				045B4E8926D2E9CA0021F2EF /* Release */,
			);
			defaultConfigurationIsVisible = 0;
			defaultConfigurationName = Release;
		};
		045B4E8A26D2E9CA0021F2EF /* Build configuration list for PBXNativeTarget "Tests iOS" */ = {
			isa = XCConfigurationList;
			buildConfigurations = (
				045B4E8B26D2E9CA0021F2EF /* Debug */,
				045B4E8C26D2E9CA0021F2EF /* Release */,
			);
			defaultConfigurationIsVisible = 0;
			defaultConfigurationName = Release;
		};
		045B4E8D26D2E9CA0021F2EF /* Build configuration list for PBXNativeTarget "Tests macOS" */ = {
			isa = XCConfigurationList;
			buildConfigurations = (
				045B4E8E26D2E9CA0021F2EF /* Debug */,
				045B4E8F26D2E9CA0021F2EF /* Release */,
			);
			defaultConfigurationIsVisible = 0;
			defaultConfigurationName = Release;
		};
/* End XCConfigurationList section */

/* Begin XCRemoteSwiftPackageReference section */
		04171BAC26D6DB22005FFE1C /* XCRemoteSwiftPackageReference "swift-algorithms" */ = {
			isa = XCRemoteSwiftPackageReference;
			repositoryURL = "https://github.com/apple/swift-algorithms.git";
			requirement = {
				kind = upToNextMajorVersion;
				minimumVersion = 0.2.1;
			};
		};
		04171BAF26D6DFC5005FFE1C /* XCRemoteSwiftPackageReference "Kingfisher" */ = {
			isa = XCRemoteSwiftPackageReference;
			repositoryURL = "https://github.com/onevcat/Kingfisher";
			requirement = {
				branch = master;
				kind = branch;
			};
		};
/* End XCRemoteSwiftPackageReference section */

/* Begin XCSwiftPackageProductDependency section */
		04171BAD26D6DB22005FFE1C /* Algorithms */ = {
			isa = XCSwiftPackageProductDependency;
			package = 04171BAC26D6DB22005FFE1C /* XCRemoteSwiftPackageReference "swift-algorithms" */;
			productName = Algorithms;
		};
		04171BB026D6DFC5005FFE1C /* Kingfisher */ = {
			isa = XCSwiftPackageProductDependency;
			package = 04171BAF26D6DFC5005FFE1C /* XCRemoteSwiftPackageReference "Kingfisher" */;
			productName = Kingfisher;
		};
/* End XCSwiftPackageProductDependency section */
	};
	rootObject = 045B4E5526D2E9BE0021F2EF /* Project object */;
}
